<?xml version="1.0" encoding="utf-8"?>
<Project ToolsVersion="4.0" xmlns="http://schemas.microsoft.com/developer/msbuild/2003">
  <ItemGroup>
    <Filter Include="Source Files">
      <UniqueIdentifier>{4FC737F1-C7A5-4376-A066-2A32D752A2FF}</UniqueIdentifier>
      <Extensions>cpp;c;cc;cxx;c++;cppm;ixx;def;odl;idl;hpj;bat;asm;asmx</Extensions>
    </Filter>
    <Filter Include="Header Files">
      <UniqueIdentifier>{93995380-89BD-4b04-88EB-625FBE52EBFB}</UniqueIdentifier>
      <Extensions>h;hh;hpp;hxx;h++;hm;inl;inc;ipp;xsd</Extensions>
    </Filter>
    <Filter Include="Resource Files">
      <UniqueIdentifier>{67DA6AB6-F800-4c08-8B7A-83BB121AAD01}</UniqueIdentifier>
      <Extensions>rc;ico;cur;bmp;dlg;rc2;rct;bin;rgs;gif;jpg;jpeg;jpe;resx;tiff;tif;png;wav;mfcribbon-ms</Extensions>
    </Filter>
  </ItemGroup>
  <ItemGroup>
    <ClInclude Include="include\Acquistabile.h">
      <Filter>Header Files</Filter>
    </ClInclude>
    <ClInclude Include="include\Carriera.h">
      <Filter>Header Files</Filter>
    </ClInclude>
    <ClInclude Include="include\Chrono.h">
      <Filter>Header Files</Filter>
    </ClInclude>
    <ClInclude Include="include\Disco.h">
      <Filter>Header Files</Filter>
    </ClInclude>
    <ClInclude Include="include\DlgAttivita.h">
      <Filter>Header Files</Filter>
    </ClInclude>
    <ClInclude Include="include\DlgBase.h">
      <Filter>Header Files</Filter>
    </ClInclude>
    <ClInclude Include="include\DlgNegozi.h">
      <Filter>Header Files</Filter>
    </ClInclude>
    <ClInclude Include="include\DlgSocial.h">
      <Filter>Header Files</Filter>
    </ClInclude>
    <ClInclude Include="include\DlgSystem.h">
      <Filter>Header Files</Filter>
    </ClInclude>
    <ClInclude Include="include\Scooter.h">
      <Filter>Header Files</Filter>
    </ClInclude>
    <ClInclude Include="include\Scuola.h">
      <Filter>Header Files</Filter>
    </ClInclude>
    <ClInclude Include="include\TabbyApp.h">
      <Filter>Header Files</Filter>
    </ClInclude>
    <ClInclude Include="include\TabbyFrame.h">
      <Filter>Header Files</Filter>
    </ClInclude>
    <ClInclude Include="include\TabbyGame.h">
      <Filter>Header Files</Filter>
    </ClInclude>
    <ClInclude Include="include\TabbyGuy.h">
      <Filter>Header Files</Filter>
    </ClInclude>
    <ClInclude Include="include\Telefonino.h">
      <Filter>Header Files</Filter>
    </ClInclude>
    <ClInclude Include="include\Tipa.h">
      <Filter>Header Files</Filter>
    </ClInclude>
    <ClInclude Include="include\Utility.h">
      <Filter>Header Files</Filter>
    </ClInclude>
  </ItemGroup>
  <ItemGroup>
    <ClCompile Include="src\Chrono.cpp">
      <Filter>Source Files</Filter>
    </ClCompile>
    <ClCompile Include="src\DlgAttivita.cpp">
      <Filter>Source Files</Filter>
    </ClCompile>
    <ClCompile Include="src\DlgBase.cpp">
      <Filter>Source Files</Filter>
    </ClCompile>
    <ClCompile Include="src\DlgNegozi.cpp">
      <Filter>Source Files</Filter>
    </ClCompile>
    <ClCompile Include="src\DlgSocial.cpp">
      <Filter>Source Files</Filter>
    </ClCompile>
    <ClCompile Include="src\DlgSystem.cpp">
      <Filter>Source Files</Filter>
    </ClCompile>
    <ClCompile Include="src\TabbyApp.cpp">
      <Filter>Source Files</Filter>
    </ClCompile>
    <ClCompile Include="src\TabbyFrame.cpp">
      <Filter>Source Files</Filter>
    </ClCompile>
    <ClCompile Include="src\TabbyGame.cpp">
      <Filter>Source Files</Filter>
    </ClCompile>
    <ClCompile Include="src\TabbyGuy.cpp">
      <Filter>Source Files</Filter>
    </ClCompile>
  </ItemGroup>
</Project>